
Microsoft Visual Studio Solution File, Format Version 11.00
# Visual Studio 2010
Project("{FAE04EC0-301F-11D3-BF4B-00C04F79EFBC}") = "DB", "DB\DB.csproj", "{85452B53-591E-45F8-BC0C-97B051AA0428}"
EndProject
Project("{FAE04EC0-301F-11D3-BF4B-00C04F79EFBC}") = "jjgl", "jjgl\jjgl.csproj", "{D84543D8-9947-4EAC-A779-BF54E4D41A3B}"
EndProject
Project("{FAE04EC0-301F-11D3-BF4B-00C04F79EFBC}") = "WAPIWrapperCSharp", "WAPIWrapperCSharp\WAPIWrapperCSharp.csproj", "{49CAE149-887A-4597-808A-D40A30C1C83B}"
EndProject
Global
	GlobalSection(SolutionConfigurationPlatforms) = preSolution
		Debug|Any CPU = Debug|Any CPU
		Debug|Mixed Platforms = Debug|Mixed Platforms
		Debug|x64 = Debug|x64
		Debug|x86 = Debug|x86
		Release|Any CPU = Release|Any CPU
		Release|Mixed Platforms = Release|Mixed Platforms
		Release|x64 = Release|x64
		Release|x86 = Release|x86
	EndGlobalSection
	GlobalSection(ProjectConfigurationPlatforms) = postSolution
		{85452B53-591E-45F8-BC0C-97B051AA0428}.Debug|Any CPU.ActiveCfg = Debug|Any CPU
		{85452B53-591E-45F8-BC0C-97B051AA0428}.Debug|Any CPU.Build.0 = Debug|Any CPU
		{85452B53-591E-45F8-BC0C-97B051AA0428}.Debug|Mixed Platforms.ActiveCfg = Debug|Any CPU
		{85452B53-591E-45F8-BC0C-97B051AA0428}.Debug|Mixed Platforms.Build.0 = Debug|Any CPU
		{85452B53-591E-45F8-BC0C-97B051AA0428}.Debug|x64.ActiveCfg = Debug|x64
		{85452B53-591E-45F8-BC0C-97B051AA0428}.Debug|x64.Build.0 = Debug|x64
		{85452B53-591E-45F8-BC0C-97B051AA0428}.Debug|x86.ActiveCfg = Debug|Any CPU
		{85452B53-591E-45F8-BC0C-97B051AA0428}.Debug|x86.Build.0 = Debug|Any CPU
		{85452B53-591E-45F8-BC0C-97B051AA0428}.Release|Any CPU.ActiveCfg = Release|Any CPU
		{85452B53-591E-45F8-BC0C-97B051AA0428}.Release|Any CPU.Build.0 = Release|Any CPU
		{85452B53-591E-45F8-BC0C-97B051AA0428}.Release|Mixed Platforms.ActiveCfg = Release|Any CPU
		{85452B53-591E-45F8-BC0C-97B051AA0428}.Release|Mixed Platforms.Build.0 = Release|Any CPU
		{85452B53-591E-45F8-BC0C-97B051AA0428}.Release|x64.ActiveCfg = Release|x64
		{85452B53-591E-45F8-BC0C-97B051AA0428}.Release|x64.Build.0 = Release|x64
		{85452B53-591E-45F8-BC0C-97B051AA0428}.Release|x86.ActiveCfg = Release|Any CPU
		{D84543D8-9947-4EAC-A779-BF54E4D41A3B}.Debug|Any CPU.ActiveCfg = Debug|Any CPU
		{D84543D8-9947-4EAC-A779-BF54E4D41A3B}.Debug|Mixed Platforms.ActiveCfg = Debug|x86
		{D84543D8-9947-4EAC-A779-BF54E4D41A3B}.Debug|Mixed Platforms.Build.0 = Debug|x86
		{D84543D8-9947-4EAC-A779-BF54E4D41A3B}.Debug|x64.ActiveCfg = Debug|x64
		{D84543D8-9947-4EAC-A779-BF54E4D41A3B}.Debug|x64.Build.0 = Debug|x64
		{D84543D8-9947-4EAC-A779-BF54E4D41A3B}.Debug|x86.ActiveCfg = Debug|x86
		{D84543D8-9947-4EAC-A779-BF54E4D41A3B}.Debug|x86.Build.0 = Debug|x86
		{D84543D8-9947-4EAC-A779-BF54E4D41A3B}.Release|Any CPU.ActiveCfg = Release|x86
		{D84543D8-9947-4EAC-A779-BF54E4D41A3B}.Release|Mixed Platforms.ActiveCfg = Release|x86
		{D84543D8-9947-4EAC-A779-BF54E4D41A3B}.Release|Mixed Platforms.Build.0 = Release|x86
		{D84543D8-9947-4EAC-A779-BF54E4D41A3B}.Release|x64.ActiveCfg = Release|x64
		{D84543D8-9947-4EAC-A779-BF54E4D41A3B}.Release|x86.ActiveCfg = Release|x86
		{D84543D8-9947-4EAC-A779-BF54E4D41A3B}.Release|x86.Build.0 = Release|x86
		{49CAE149-887A-4597-808A-D40A30C1C83B}.Debug|Any CPU.ActiveCfg = Debug|Any CPU
		{49CAE149-887A-4597-808A-D40A30C1C83B}.Debug|Any CPU.Build.0 = Debug|Any CPU
		{49CAE149-887A-4597-808A-D40A30C1C83B}.Debug|Mixed Platforms.ActiveCfg = Debug|Any CPU
		{49CAE149-887A-4597-808A-D40A30C1C83B}.Debug|Mixed Platforms.Build.0 = Debug|Any CPU
		{49CAE149-887A-4597-808A-D40A30C1C83B}.Debug|x64.ActiveCfg = Debug|Any CPU
		{49CAE149-887A-4597-808A-D40A30C1C83B}.Debug|x86.ActiveCfg = Debug|Any CPU
		{49CAE149-887A-4597-808A-D40A30C1C83B}.Release|Any CPU.ActiveCfg = Release|Any CPU
		{49CAE149-887A-4597-808A-D40A30C1C83B}.Release|Any CPU.Build.0 = Release|Any CPU
		{49CAE149-887A-4597-808A-D40A30C1C83B}.Release|Mixed Platforms.ActiveCfg = Release|Any CPU
		{49CAE149-887A-4597-808A-D40A30C1C83B}.Release|Mixed Platforms.Build.0 = Release|Any CPU
		{49CAE149-887A-4597-808A-D40A30C1C83B}.Release|x64.ActiveCfg = Release|Any CPU
		{49CAE149-887A-4597-808A-D40A30C1C83B}.Release|x86.ActiveCfg = Release|Any CPU
	EndGlobalSection
	GlobalSection(SolutionProperties) = preSolution
		HideSolutionNode = FALSE
	EndGlobalSection
EndGlobal
